
Microsoft Visual Studio Solution File, Format Version 12.00
# Visual Studio Version 16
VisualStudioVersion = 16.0.31220.234
MinimumVisualStudioVersion = 10.0.40219.1
Project("{9A19103F-16F7-4668-BE54-9A1E7A4F7556}") = "convert-bev-address-data-netcore", "convert-bev-address-data-netcore.csproj", "{8CA89776-CB00-4E05-9C06-8C554F1ADFFB}"
EndProject
Global
	GlobalSection(SolutionConfigurationPlatforms) = preSolution
		Debug|Any CPU = Debug|Any CPU
		Debug|x64 = Debug|x64
		Release|Any CPU = Release|Any CPU
		Release|x64 = Release|x64
	EndGlobalSection
	GlobalSection(ProjectConfigurationPlatforms) = postSolution
		{8CA89776-CB00-4E05-9C06-8C554F1ADFFB}.Debug|Any CPU.ActiveCfg = Debug|Any CPU
		{8CA89776-CB00-4E05-9C06-8C554F1ADFFB}.Debug|Any CPU.Build.0 = Debug|Any CPU
		{8CA89776-CB00-4E05-9C06-8C554F1ADFFB}.Debug|x64.ActiveCfg = Debug|x64
		{8CA89776-CB00-4E05-9C06-8C554F1ADFFB}.Debug|x64.Build.0 = Debug|x64
		{8CA89776-CB00-4E05-9C06-8C554F1ADFFB}.Release|Any CPU.ActiveCfg = Release|Any CPU
		{8CA89776-CB00-4E05-9C06-8C554F1ADFFB}.Release|Any CPU.Build.0 = Release|Any CPU
		{8CA89776-CB00-4E05-9C06-8C554F1ADFFB}.Release|x64.ActiveCfg = Release|Any CPU
		{8CA89776-CB00-4E05-9C06-8C554F1ADFFB}.Release|x64.Build.0 = Release|Any CPU
	EndGlobalSection
	GlobalSection(SolutionProperties) = preSolution
		HideSolutionNode = FALSE
	EndGlobalSection
	GlobalSection(ExtensibilityGlobals) = postSolution
		SolutionGuid = {1422238B-949C-4687-B763-ED988AC18321}
	EndGlobalSection
EndGlobal
